{
  "name": "@hyper-hyper/hyper-server",
  "version": "0.1.0",
  "lockfileVersion": 3,
  "requires": true,
  "packages": {
    "": {
      "name": "@hyper-hyper/hyper-server",
      "version": "0.1.0",
      "dependencies": {
        "@cliffy/ansi": "npm:@jsr/cliffy__ansi@1.0.0-rc.4",
        "@cliffy/command": "npm:@jsr/cliffy__command@1.0.0-rc.4",
        "@std/net": "npm:@jsr/std__net@0.224.1",
        "@types/bun": "^1.1.11",
        "bonjour-service": "^1.2.1",
        "bun": "^1.1.30",
        "deno": "^0.1.1",
        "dgram": "^1.0.1",
        "node": "^22.11.0",
        "pkgroll": "^2.5.0",
        "tsx": "^4.19.1"
      },
      "bin": {
        "hsrv": "bin/srv",
        "hyper-server": "bin/hyper-server"
      }
    },
    "node_modules/@cliffy/ansi": {
      "name": "@jsr/cliffy__ansi",
      "version": "1.0.0-rc.4",
      "dependencies": {
        "@jsr/std__encoding": "0.221",
        "@jsr/std__fmt": "0.221",
        "@jsr/std__io": "0.221"
      }
    },
    "node_modules/@cliffy/command": {
      "name": "@jsr/cliffy__command",
      "version": "1.0.0-rc.4",
      "dependencies": {
        "@jsr/cliffy__flags": "1.0.0-rc.4",
        "@jsr/cliffy__table": "1.0.0-rc.4",
        "@jsr/std__fmt": "0.221",
        "@jsr/std__text": "0.221"
      }
    },
    "node_modules/@esbuild/darwin-x64": {
      "version": "0.23.1",
      "cpu": [
        "x64"
      ],
      "license": "MIT",
      "optional": true,
      "os": [
        "darwin"
      ],
      "engines": {
        "node": ">=18"
      }
    },
    "node_modules/@isaacs/cliui": {
      "version": "8.0.2",
      "license": "ISC",
      "dependencies": {
        "string-width": "^5.1.2",
        "string-width-cjs": "npm:string-width@^4.2.0",
        "strip-ansi": "^7.0.1",
        "strip-ansi-cjs": "npm:strip-ansi@^6.0.1",
        "wrap-ansi": "^8.1.0",
        "wrap-ansi-cjs": "npm:wrap-ansi@^7.0.0"
      },
      "engines": {
        "node": ">=12"
      }
    },
    "node_modules/@jridgewell/sourcemap-codec": {
      "version": "1.5.0",
      "license": "MIT"
    },
    "node_modules/@jsr/cliffy__flags": {
      "version": "1.0.0-rc.4",
      "dependencies": {
        "@jsr/std__text": "0.221"
      }
    },
    "node_modules/@jsr/cliffy__table": {
      "version": "1.0.0-rc.4",
      "dependencies": {
        "@jsr/std__console": "0.221",
        "@jsr/std__fmt": "0.221"
      }
    },
    "node_modules/@jsr/std__bytes": {
      "version": "0.221.0"
    },
    "node_modules/@jsr/std__console": {
      "version": "0.221.0",
      "dependencies": {
        "@jsr/std__assert": "^0.221.0"
      }
    },
    "node_modules/@jsr/std__console/node_modules/@jsr/std__assert": {
      "version": "0.221.0",
      "dependencies": {
        "@jsr/std__fmt": "^0.221.0"
      }
    },
    "node_modules/@jsr/std__encoding": {
      "version": "0.221.0"
    },
    "node_modules/@jsr/std__fmt": {
      "version": "0.221.0"
    },
    "node_modules/@jsr/std__io": {
      "version": "0.221.0",
      "dependencies": {
        "@jsr/std__assert": "^0.221.0",
        "@jsr/std__bytes": "^0.221.0"
      }
    },
    "node_modules/@jsr/std__io/node_modules/@jsr/std__assert": {
      "version": "0.221.0",
      "dependencies": {
        "@jsr/std__fmt": "^0.221.0"
      }
    },
    "node_modules/@jsr/std__text": {
      "version": "0.221.0",
      "dependencies": {
        "@jsr/std__assert": "^0.221.0"
      }
    },
    "node_modules/@jsr/std__text/node_modules/@jsr/std__assert": {
      "version": "0.221.0",
      "dependencies": {
        "@jsr/std__fmt": "^0.221.0"
      }
    },
    "node_modules/@leichtgewicht/ip-codec": {
      "version": "2.0.5",
      "license": "MIT"
    },
    "node_modules/@oven/bun-darwin-x64": {
      "version": "1.1.30",
      "cpu": [
        "x64"
      ],
      "license": "MIT",
      "optional": true,
      "os": [
        "darwin"
      ]
    },
    "node_modules/@oven/bun-darwin-x64-baseline": {
      "version": "1.1.30",
      "cpu": [
        "x64"
      ],
      "license": "MIT",
      "optional": true,
      "os": [
        "darwin"
      ]
    },
    "node_modules/@pkgjs/parseargs": {
      "version": "0.11.0",
      "license": "MIT",
      "optional": true,
      "engines": {
        "node": ">=14"
      }
    },
    "node_modules/@rollup/plugin-alias": {
      "version": "5.1.1",
      "license": "MIT",
      "engines": {
        "node": ">=14.0.0"
      },
      "peerDependencies": {
        "rollup": "^1.20.0||^2.0.0||^3.0.0||^4.0.0"
      },
      "peerDependenciesMeta": {
        "rollup": {
          "optional": true
        }
      }
    },
    "node_modules/@rollup/plugin-commonjs": {
      "version": "26.0.3",
      "license": "MIT",
      "dependencies": {
        "@rollup/pluginutils": "^5.0.1",
        "commondir": "^1.0.1",
        "estree-walker": "^2.0.2",
        "glob": "^10.4.1",
        "is-reference": "1.2.1",
        "magic-string": "^0.30.3"
      },
      "engines": {
        "node": ">=16.0.0 || 14 >= 14.17"
      },
      "peerDependencies": {
        "rollup": "^2.68.0||^3.0.0||^4.0.0"
      },
      "peerDependenciesMeta": {
        "rollup": {
          "optional": true
        }
      }
    },
    "node_modules/@rollup/plugin-inject": {
      "version": "5.0.5",
      "license": "MIT",
      "dependencies": {
        "@rollup/pluginutils": "^5.0.1",
        "estree-walker": "^2.0.2",
        "magic-string": "^0.30.3"
      },
      "engines": {
        "node": ">=14.0.0"
      },
      "peerDependencies": {
        "rollup": "^1.20.0||^2.0.0||^3.0.0||^4.0.0"
      },
      "peerDependenciesMeta": {
        "rollup": {
          "optional": true
        }
      }
    },
    "node_modules/@rollup/plugin-json": {
      "version": "6.1.0",
      "license": "MIT",
      "dependencies": {
        "@rollup/pluginutils": "^5.1.0"
      },
      "engines": {
        "node": ">=14.0.0"
      },
      "peerDependencies": {
        "rollup": "^1.20.0||^2.0.0||^3.0.0||^4.0.0"
      },
      "peerDependenciesMeta": {
        "rollup": {
          "optional": true
        }
      }
    },
    "node_modules/@rollup/plugin-node-resolve": {
      "version": "15.3.0",
      "license": "MIT",
      "dependencies": {
        "@rollup/pluginutils": "^5.0.1",
        "@types/resolve": "1.20.2",
        "deepmerge": "^4.2.2",
        "is-module": "^1.0.0",
        "resolve": "^1.22.1"
      },
      "engines": {
        "node": ">=14.0.0"
      },
      "peerDependencies": {
        "rollup": "^2.78.0||^3.0.0||^4.0.0"
      },
      "peerDependenciesMeta": {
        "rollup": {
          "optional": true
        }
      }
    },
    "node_modules/@rollup/plugin-replace": {
      "version": "5.0.7",
      "license": "MIT",
      "dependencies": {
        "@rollup/pluginutils": "^5.0.1",
        "magic-string": "^0.30.3"
      },
      "engines": {
        "node": ">=14.0.0"
      },
      "peerDependencies": {
        "rollup": "^1.20.0||^2.0.0||^3.0.0||^4.0.0"
      },
      "peerDependenciesMeta": {
        "rollup": {
          "optional": true
        }
      }
    },
    "node_modules/@rollup/pluginutils": {
      "version": "5.1.2",
      "license": "MIT",
      "dependencies": {
        "@types/estree": "^1.0.0",
        "estree-walker": "^2.0.2",
        "picomatch": "^2.3.1"
      },
      "engines": {
        "node": ">=14.0.0"
      },
      "peerDependencies": {
        "rollup": "^1.20.0||^2.0.0||^3.0.0||^4.0.0"
      },
      "peerDependenciesMeta": {
        "rollup": {
          "optional": true
        }
      }
    },
    "node_modules/@rollup/rollup-darwin-x64": {
      "version": "4.24.0",
      "cpu": [
        "x64"
      ],
      "license": "MIT",
      "optional": true,
      "os": [
        "darwin"
      ]
    },
    "node_modules/@std/net": {
      "name": "@jsr/std__net",
      "version": "0.224.1"
    },
    "node_modules/@types/bun": {
      "version": "1.1.11",
      "license": "MIT",
      "dependencies": {
        "bun-types": "1.1.30"
      }
    },
    "node_modules/@types/estree": {
      "version": "1.0.6",
      "license": "MIT"
    },
    "node_modules/@types/node": {
      "version": "20.12.12",
      "license": "MIT",
      "dependencies": {
        "undici-types": "~5.26.4"
      }
    },
    "node_modules/@types/resolve": {
      "version": "1.20.2",
      "license": "MIT"
    },
    "node_modules/@types/ws": {
      "version": "8.5.10",
      "license": "MIT",
      "dependencies": {
        "@types/node": "*"
      }
    },
    "node_modules/ansi-regex": {
      "version": "6.1.0",
      "license": "MIT",
      "engines": {
        "node": ">=12"
      },
      "funding": {
        "url": "https://github.com/chalk/ansi-regex?sponsor=1"
      }
    },
    "node_modules/ansi-styles": {
      "version": "6.2.1",
      "license": "MIT",
      "engines": {
        "node": ">=12"
      },
      "funding": {
        "url": "https://github.com/chalk/ansi-styles?sponsor=1"
      }
    },
    "node_modules/balanced-match": {
      "version": "1.0.2",
      "license": "MIT"
    },
    "node_modules/bonjour-service": {
      "version": "1.2.1",
      "license": "MIT",
      "dependencies": {
        "fast-deep-equal": "^3.1.3",
        "multicast-dns": "^7.2.5"
      }
    },
    "node_modules/brace-expansion": {
      "version": "2.0.1",
      "license": "MIT",
      "dependencies": {
        "balanced-match": "^1.0.0"
      }
    },
    "node_modules/bun": {
      "version": "1.1.30",
      "cpu": [
        "arm64",
        "x64"
      ],
      "hasInstallScript": true,
      "license": "MIT",
      "os": [
        "darwin",
        "linux",
        "win32"
      ],
      "bin": {
        "bun": "bin/bun.exe",
        "bunx": "bin/bun.exe"
      },
      "optionalDependencies": {
        "@oven/bun-darwin-aarch64": "1.1.30",
        "@oven/bun-darwin-x64": "1.1.30",
        "@oven/bun-darwin-x64-baseline": "1.1.30",
        "@oven/bun-linux-aarch64": "1.1.30",
        "@oven/bun-linux-x64": "1.1.30",
        "@oven/bun-linux-x64-baseline": "1.1.30",
        "@oven/bun-windows-x64": "1.1.30",
        "@oven/bun-windows-x64-baseline": "1.1.30"
      }
    },
    "node_modules/bun-types": {
      "version": "1.1.30",
      "license": "MIT",
      "dependencies": {
        "@types/node": "~20.12.8",
        "@types/ws": "~8.5.10"
      }
    },
    "node_modules/color-convert": {
      "version": "2.0.1",
      "license": "MIT",
      "dependencies": {
        "color-name": "~1.1.4"
      },
      "engines": {
        "node": ">=7.0.0"
      }
    },
    "node_modules/color-name": {
      "version": "1.1.4",
      "license": "MIT"
    },
    "node_modules/commondir": {
      "version": "1.0.1",
      "license": "MIT"
    },
    "node_modules/cross-spawn": {
      "version": "7.0.3",
      "license": "MIT",
      "dependencies": {
        "path-key": "^3.1.0",
        "shebang-command": "^2.0.0",
        "which": "^2.0.1"
      },
      "engines": {
        "node": ">= 8"
      }
    },
    "node_modules/dafo": {
      "version": "0.1.1",
      "dependencies": {
        "noda": "^0.1.2"
      }
    },
    "node_modules/dafo/node_modules/noda": {
      "version": "0.1.2",
      "license": "ISC"
    },
    "node_modules/deepmerge": {
      "version": "4.3.1",
      "license": "MIT",
      "engines": {
        "node": ">=0.10.0"
      }
    },
    "node_modules/deno": {
      "version": "0.1.1",
      "license": "MIT",
      "dependencies": {
        "dafo": "^0.1.1",
        "noda": "^0.6.0",
        "qir": "^0.1.0"
      },
      "bin": {
        "install.js": "try-deno"
      }
    },
    "node_modules/dgram": {
      "version": "1.0.1",
      "license": "ISC"
    },
    "node_modules/dns-packet": {
      "version": "5.6.1",
      "license": "MIT",
      "dependencies": {
        "@leichtgewicht/ip-codec": "^2.0.1"
      },
      "engines": {
        "node": ">=6"
      }
    },
    "node_modules/eastasianwidth": {
      "version": "0.2.0",
      "license": "MIT"
    },
    "node_modules/emoji-regex": {
      "version": "9.2.2",
      "license": "MIT"
    },
    "node_modules/esbuild": {
      "version": "0.23.1",
      "hasInstallScript": true,
      "license": "MIT",
      "bin": {
        "esbuild": "bin/esbuild"
      },
      "engines": {
        "node": ">=18"
      },
      "optionalDependencies": {
        "@esbuild/aix-ppc64": "0.23.1",
        "@esbuild/android-arm": "0.23.1",
        "@esbuild/android-arm64": "0.23.1",
        "@esbuild/android-x64": "0.23.1",
        "@esbuild/darwin-arm64": "0.23.1",
        "@esbuild/darwin-x64": "0.23.1",
        "@esbuild/freebsd-arm64": "0.23.1",
        "@esbuild/freebsd-x64": "0.23.1",
        "@esbuild/linux-arm": "0.23.1",
        "@esbuild/linux-arm64": "0.23.1",
        "@esbuild/linux-ia32": "0.23.1",
        "@esbuild/linux-loong64": "0.23.1",
        "@esbuild/linux-mips64el": "0.23.1",
        "@esbuild/linux-ppc64": "0.23.1",
        "@esbuild/linux-riscv64": "0.23.1",
        "@esbuild/linux-s390x": "0.23.1",
        "@esbuild/linux-x64": "0.23.1",
        "@esbuild/netbsd-x64": "0.23.1",
        "@esbuild/openbsd-arm64": "0.23.1",
        "@esbuild/openbsd-x64": "0.23.1",
        "@esbuild/sunos-x64": "0.23.1",
        "@esbuild/win32-arm64": "0.23.1",
        "@esbuild/win32-ia32": "0.23.1",
        "@esbuild/win32-x64": "0.23.1"
      }
    },
    "node_modules/estree-walker": {
      "version": "2.0.2",
      "license": "MIT"
    },
    "node_modules/fast-deep-equal": {
      "version": "3.1.3",
      "license": "MIT"
    },
    "node_modules/foreground-child": {
      "version": "3.3.0",
      "license": "ISC",
      "dependencies": {
        "cross-spawn": "^7.0.0",
        "signal-exit": "^4.0.1"
      },
      "engines": {
        "node": ">=14"
      },
      "funding": {
        "url": "https://github.com/sponsors/isaacs"
      }
    },
    "node_modules/fsevents": {
      "version": "2.3.3",
      "license": "MIT",
      "optional": true,
      "os": [
        "darwin"
      ],
      "engines": {
        "node": "^8.16.0 || ^10.6.0 || >=11.0.0"
      }
    },
    "node_modules/function-bind": {
      "version": "1.1.2",
      "license": "MIT",
      "funding": {
        "url": "https://github.com/sponsors/ljharb"
      }
    },
    "node_modules/get-tsconfig": {
      "version": "4.8.1",
      "license": "MIT",
      "dependencies": {
        "resolve-pkg-maps": "^1.0.0"
      },
      "funding": {
        "url": "https://github.com/privatenumber/get-tsconfig?sponsor=1"
      }
    },
    "node_modules/glob": {
      "version": "10.4.5",
      "license": "ISC",
      "dependencies": {
        "foreground-child": "^3.1.0",
        "jackspeak": "^3.1.2",
        "minimatch": "^9.0.4",
        "minipass": "^7.1.2",
        "package-json-from-dist": "^1.0.0",
        "path-scurry": "^1.11.1"
      },
      "bin": {
        "glob": "dist/esm/bin.mjs"
      },
      "funding": {
        "url": "https://github.com/sponsors/isaacs"
      }
    },
    "node_modules/hasown": {
      "version": "2.0.2",
      "license": "MIT",
      "dependencies": {
        "function-bind": "^1.1.2"
      },
      "engines": {
        "node": ">= 0.4"
      }
    },
    "node_modules/is-core-module": {
      "version": "2.15.1",
      "license": "MIT",
      "dependencies": {
        "hasown": "^2.0.2"
      },
      "engines": {
        "node": ">= 0.4"
      },
      "funding": {
        "url": "https://github.com/sponsors/ljharb"
      }
    },
    "node_modules/is-fullwidth-code-point": {
      "version": "3.0.0",
      "license": "MIT",
      "engines": {
        "node": ">=8"
      }
    },
    "node_modules/is-module": {
      "version": "1.0.0",
      "license": "MIT"
    },
    "node_modules/is-reference": {
      "version": "1.2.1",
      "license": "MIT",
      "dependencies": {
        "@types/estree": "*"
      }
    },
    "node_modules/isexe": {
      "version": "2.0.0",
      "license": "ISC"
    },
    "node_modules/jackspeak": {
      "version": "3.4.3",
      "license": "BlueOak-1.0.0",
      "dependencies": {
        "@isaacs/cliui": "^8.0.2"
      },
      "funding": {
        "url": "https://github.com/sponsors/isaacs"
      },
      "optionalDependencies": {
        "@pkgjs/parseargs": "^0.11.0"
      }
    },
    "node_modules/lru-cache": {
      "version": "10.4.3",
      "license": "ISC"
    },
    "node_modules/magic-string": {
      "version": "0.30.11",
      "license": "MIT",
      "dependencies": {
        "@jridgewell/sourcemap-codec": "^1.5.0"
      }
    },
    "node_modules/minimatch": {
      "version": "9.0.5",
      "license": "ISC",
      "dependencies": {
        "brace-expansion": "^2.0.1"
      },
      "engines": {
        "node": ">=16 || 14 >=14.17"
      },
      "funding": {
        "url": "https://github.com/sponsors/isaacs"
      }
    },
    "node_modules/minipass": {
      "version": "7.1.2",
      "license": "ISC",
      "engines": {
        "node": ">=16 || 14 >=14.17"
      }
    },
    "node_modules/multicast-dns": {
      "version": "7.2.5",
      "license": "MIT",
      "dependencies": {
        "dns-packet": "^5.2.2",
        "thunky": "^1.0.2"
      },
      "bin": {
        "multicast-dns": "cli.js"
      }
    },
    "node_modules/noda": {
      "version": "0.6.0",
      "license": "ISC",
      "engines": {
        "node": ">=6"
      }
    },
    "node_modules/node": {
      "version": "22.11.0",
      "resolved": "https://registry.npmjs.org/node/-/node-22.11.0.tgz",
      "integrity": "sha512-RIAOdr40k1sq/DYF5u3XmhQHG+FZViuxObe2w1xPmOjEi4AiFgv/XRHW60YydS85X9gc8/jaI9RH4E9nvrV+gQ==",
      "hasInstallScript": true,
      "license": "ISC",
      "dependencies": {
        "node-bin-setup": "^1.0.0"
      },
      "bin": {
        "node": "bin/node"
      },
      "engines": {
        "npm": ">=5.0.0"
      }
    },
    "node_modules/node-bin-setup": {
      "version": "1.1.3",
      "resolved": "https://registry.npmjs.org/node-bin-setup/-/node-bin-setup-1.1.3.tgz",
      "integrity": "sha512-opgw9iSCAzT2+6wJOETCpeRYAQxSopqQ2z+N6BXwIMsQQ7Zj5M8MaafQY8JMlolRR6R1UXg2WmhKp0p9lSOivg==",
      "license": "ISC"
    },
    "node_modules/package-json-from-dist": {
      "version": "1.0.1",
      "license": "BlueOak-1.0.0"
    },
    "node_modules/path-key": {
      "version": "3.1.1",
      "license": "MIT",
      "engines": {
        "node": ">=8"
      }
    },
    "node_modules/path-parse": {
      "version": "1.0.7",
      "license": "MIT"
    },
    "node_modules/path-scurry": {
      "version": "1.11.1",
      "license": "BlueOak-1.0.0",
      "dependencies": {
        "lru-cache": "^10.2.0",
        "minipass": "^5.0.0 || ^6.0.2 || ^7.0.0"
      },
      "engines": {
        "node": ">=16 || 14 >=14.18"
      },
      "funding": {
        "url": "https://github.com/sponsors/isaacs"
      }
    },
    "node_modules/picomatch": {
      "version": "2.3.1",
      "license": "MIT",
      "engines": {
        "node": ">=8.6"
      },
      "funding": {
        "url": "https://github.com/sponsors/jonschlinkert"
      }
    },
    "node_modules/pkgroll": {
      "version": "2.5.0",
      "license": "MIT",
      "dependencies": {
        "@rollup/plugin-alias": "^5.1.0",
        "@rollup/plugin-commonjs": "^26.0.1",
        "@rollup/plugin-inject": "^5.0.5",
        "@rollup/plugin-json": "^6.1.0",
        "@rollup/plugin-node-resolve": "^15.2.3",
        "@rollup/plugin-replace": "^5.0.7",
        "@rollup/pluginutils": "^5.1.0",
        "esbuild": "^0.23.0",
        "magic-string": "^0.30.10",
        "rollup": "^4.18.1"
      },
      "bin": {
        "pkgroll": "dist/cli.js"
      },
      "engines": {
        "node": ">=18"
      },
      "funding": {
        "url": "https://github.com/privatenumber/pkgroll?sponsor=1"
      },
      "peerDependencies": {
        "typescript": "^4.1 || ^5.0"
      },
      "peerDependenciesMeta": {
        "typescript": {
          "optional": true
        }
      }
    },
    "node_modules/qir": {
      "version": "0.1.0",
      "license": "ISC",
      "dependencies": {
        "noda": "^0.6.0"
      }
    },
    "node_modules/resolve": {
      "version": "1.22.8",
      "license": "MIT",
      "dependencies": {
        "is-core-module": "^2.13.0",
        "path-parse": "^1.0.7",
        "supports-preserve-symlinks-flag": "^1.0.0"
      },
      "bin": {
        "resolve": "bin/resolve"
      },
      "funding": {
        "url": "https://github.com/sponsors/ljharb"
      }
    },
    "node_modules/resolve-pkg-maps": {
      "version": "1.0.0",
      "license": "MIT",
      "funding": {
        "url": "https://github.com/privatenumber/resolve-pkg-maps?sponsor=1"
      }
    },
    "node_modules/rollup": {
      "version": "4.24.0",
      "license": "MIT",
      "dependencies": {
        "@types/estree": "1.0.6"
      },
      "bin": {
        "rollup": "dist/bin/rollup"
      },
      "engines": {
        "node": ">=18.0.0",
        "npm": ">=8.0.0"
      },
      "optionalDependencies": {
        "@rollup/rollup-android-arm-eabi": "4.24.0",
        "@rollup/rollup-android-arm64": "4.24.0",
        "@rollup/rollup-darwin-arm64": "4.24.0",
        "@rollup/rollup-darwin-x64": "4.24.0",
        "@rollup/rollup-linux-arm-gnueabihf": "4.24.0",
        "@rollup/rollup-linux-arm-musleabihf": "4.24.0",
        "@rollup/rollup-linux-arm64-gnu": "4.24.0",
        "@rollup/rollup-linux-arm64-musl": "4.24.0",
        "@rollup/rollup-linux-powerpc64le-gnu": "4.24.0",
        "@rollup/rollup-linux-riscv64-gnu": "4.24.0",
        "@rollup/rollup-linux-s390x-gnu": "4.24.0",
        "@rollup/rollup-linux-x64-gnu": "4.24.0",
        "@rollup/rollup-linux-x64-musl": "4.24.0",
        "@rollup/rollup-win32-arm64-msvc": "4.24.0",
        "@rollup/rollup-win32-ia32-msvc": "4.24.0",
        "@rollup/rollup-win32-x64-msvc": "4.24.0",
        "fsevents": "~2.3.2"
      }
    },
    "node_modules/shebang-command": {
      "version": "2.0.0",
      "license": "MIT",
      "dependencies": {
        "shebang-regex": "^3.0.0"
      },
      "engines": {
        "node": ">=8"
      }
    },
    "node_modules/shebang-regex": {
      "version": "3.0.0",
      "license": "MIT",
      "engines": {
        "node": ">=8"
      }
    },
    "node_modules/signal-exit": {
      "version": "4.1.0",
      "license": "ISC",
      "engines": {
        "node": ">=14"
      },
      "funding": {
        "url": "https://github.com/sponsors/isaacs"
      }
    },
    "node_modules/string-width": {
      "version": "5.1.2",
      "license": "MIT",
      "dependencies": {
        "eastasianwidth": "^0.2.0",
        "emoji-regex": "^9.2.2",
        "strip-ansi": "^7.0.1"
      },
      "engines": {
        "node": ">=12"
      },
      "funding": {
        "url": "https://github.com/sponsors/sindresorhus"
      }
    },
    "node_modules/string-width-cjs": {
      "name": "string-width",
      "version": "4.2.3",
      "license": "MIT",
      "dependencies": {
        "emoji-regex": "^8.0.0",
        "is-fullwidth-code-point": "^3.0.0",
        "strip-ansi": "^6.0.1"
      },
      "engines": {
        "node": ">=8"
      }
    },
    "node_modules/string-width-cjs/node_modules/emoji-regex": {
      "version": "8.0.0",
      "license": "MIT"
    },
    "node_modules/string-width-cjs/node_modules/strip-ansi": {
      "version": "6.0.1",
      "license": "MIT",
      "dependencies": {
        "ansi-regex": "^5.0.1"
      },
      "engines": {
        "node": ">=8"
      }
    },
    "node_modules/string-width-cjs/node_modules/strip-ansi/node_modules/ansi-regex": {
      "version": "5.0.1",
      "license": "MIT",
      "engines": {
        "node": ">=8"
      }
    },
    "node_modules/strip-ansi": {
      "version": "7.1.0",
      "license": "MIT",
      "dependencies": {
        "ansi-regex": "^6.0.1"
      },
      "engines": {
        "node": ">=12"
      },
      "funding": {
        "url": "https://github.com/chalk/strip-ansi?sponsor=1"
      }
    },
    "node_modules/strip-ansi-cjs": {
      "name": "strip-ansi",
      "version": "6.0.1",
      "license": "MIT",
      "dependencies": {
        "ansi-regex": "^5.0.1"
      },
      "engines": {
        "node": ">=8"
      }
    },
    "node_modules/strip-ansi-cjs/node_modules/ansi-regex": {
      "version": "5.0.1",
      "license": "MIT",
      "engines": {
        "node": ">=8"
      }
    },
    "node_modules/supports-preserve-symlinks-flag": {
      "version": "1.0.0",
      "license": "MIT",
      "engines": {
        "node": ">= 0.4"
      },
      "funding": {
        "url": "https://github.com/sponsors/ljharb"
      }
    },
    "node_modules/thunky": {
      "version": "1.1.0",
      "license": "MIT"
    },
    "node_modules/tsx": {
      "version": "4.19.1",
      "license": "MIT",
      "dependencies": {
        "esbuild": "~0.23.0",
        "get-tsconfig": "^4.7.5"
      },
      "bin": {
        "tsx": "dist/cli.mjs"
      },
      "engines": {
        "node": ">=18.0.0"
      },
      "optionalDependencies": {
        "fsevents": "~2.3.3"
      }
    },
    "node_modules/undici-types": {
      "version": "5.26.5",
      "license": "MIT"
    },
    "node_modules/which": {
      "version": "2.0.2",
      "license": "ISC",
      "dependencies": {
        "isexe": "^2.0.0"
      },
      "bin": {
        "node-which": "bin/node-which"
      },
      "engines": {
        "node": ">= 8"
      }
    },
    "node_modules/wrap-ansi": {
      "version": "8.1.0",
      "license": "MIT",
      "dependencies": {
        "ansi-styles": "^6.1.0",
        "string-width": "^5.0.1",
        "strip-ansi": "^7.0.1"
      },
      "engines": {
        "node": ">=12"
      },
      "funding": {
        "url": "https://github.com/chalk/wrap-ansi?sponsor=1"
      }
    },
    "node_modules/wrap-ansi-cjs": {
      "name": "wrap-ansi",
      "version": "7.0.0",
      "license": "MIT",
      "dependencies": {
        "ansi-styles": "^4.0.0",
        "string-width": "^4.1.0",
        "strip-ansi": "^6.0.0"
      },
      "engines": {
        "node": ">=10"
      },
      "funding": {
        "url": "https://github.com/chalk/wrap-ansi?sponsor=1"
      }
    },
    "node_modules/wrap-ansi-cjs/node_modules/ansi-styles": {
      "version": "4.3.0",
      "license": "MIT",
      "dependencies": {
        "color-convert": "^2.0.1"
      },
      "engines": {
        "node": ">=8"
      },
      "funding": {
        "url": "https://github.com/chalk/ansi-styles?sponsor=1"
      }
    },
    "node_modules/wrap-ansi-cjs/node_modules/string-width": {
      "version": "4.2.3",
      "license": "MIT",
      "dependencies": {
        "emoji-regex": "^8.0.0",
        "is-fullwidth-code-point": "^3.0.0",
        "strip-ansi": "^6.0.1"
      },
      "engines": {
        "node": ">=8"
      }
    },
    "node_modules/wrap-ansi-cjs/node_modules/string-width/node_modules/emoji-regex": {
      "version": "8.0.0",
      "license": "MIT"
    },
    "node_modules/wrap-ansi-cjs/node_modules/strip-ansi": {
      "version": "6.0.1",
      "license": "MIT",
      "dependencies": {
        "ansi-regex": "^5.0.1"
      },
      "engines": {
        "node": ">=8"
      }
    },
    "node_modules/wrap-ansi-cjs/node_modules/strip-ansi/node_modules/ansi-regex": {
      "version": "5.0.1",
      "license": "MIT",
      "engines": {
        "node": ">=8"
      }
    }
  }
}
